
Microsoft Visual Studio Solution File, Format Version 12.00
# Visual Studio Version 16
VisualStudioVersion = 16.0.31624.102
MinimumVisualStudioVersion = 10.0.40219.1
Project("{FAE04EC0-301F-11D3-BF4B-00C04F79EFBC}") = "Client_Nguyen", "Chat_Nguyen\Client_Nguyen.csproj", "{DA6FFB4A-A3B9-4F96-A395-9FC594345564}"
EndProject
Project("{FAE04EC0-301F-11D3-BF4B-00C04F79EFBC}") = "Server_Nguyen", "Server_Nguyen\Server_Nguyen.csproj", "{5A12EF33-3881-484F-8C49-9894F6F050E8}"
EndProject
Global
	GlobalSection(SolutionConfigurationPlatforms) = preSolution
		Debug|Any CPU = Debug|Any CPU
		Release|Any CPU = Release|Any CPU
	EndGlobalSection
	GlobalSection(ProjectConfigurationPlatforms) = postSolution
		{DA6FFB4A-A3B9-4F96-A395-9FC594345564}.Debug|Any CPU.ActiveCfg = Debug|Any CPU
		{DA6FFB4A-A3B9-4F96-A395-9FC594345564}.Debug|Any CPU.Build.0 = Debug|Any CPU
		{DA6FFB4A-A3B9-4F96-A395-9FC594345564}.Release|Any CPU.ActiveCfg = Release|Any CPU
		{DA6FFB4A-A3B9-4F96-A395-9FC594345564}.Release|Any CPU.Build.0 = Release|Any CPU
		{5A12EF33-3881-484F-8C49-9894F6F050E8}.Debug|Any CPU.ActiveCfg = Debug|Any CPU
		{5A12EF33-3881-484F-8C49-9894F6F050E8}.Debug|Any CPU.Build.0 = Debug|Any CPU
		{5A12EF33-3881-484F-8C49-9894F6F050E8}.Release|Any CPU.ActiveCfg = Release|Any CPU
		{5A12EF33-3881-484F-8C49-9894F6F050E8}.Release|Any CPU.Build.0 = Release|Any CPU
	EndGlobalSection
	GlobalSection(SolutionProperties) = preSolution
		HideSolutionNode = FALSE
	EndGlobalSection
	GlobalSection(ExtensibilityGlobals) = postSolution
		SolutionGuid = {A8E5EE4C-90EE-45EB-95CD-224650C081CC}
	EndGlobalSection
EndGlobal
